// !$*UTF8*$!
{
	archiveVersion = 1;
	classes = {
	};
	objectVersion = 46;
	objects = {

/* Begin PBXBuildFile section */
		A0D1C0481B2D28CD00BEB680 /* AppDelegate.swift in Sources */ = {isa = PBXBuildFile; fileRef = A0D1C0471B2D28CD00BEB680 /* AppDelegate.swift */; };
		A0D1C04A1B2D28CD00BEB680 /* ViewController.swift in Sources */ = {isa = PBXBuildFile; fileRef = A0D1C0491B2D28CD00BEB680 /* ViewController.swift */; };
		A0D1C04D1B2D28CD00BEB680 /* Main.storyboard in Resources */ = {isa = PBXBuildFile; fileRef = A0D1C04B1B2D28CD00BEB680 /* Main.storyboard */; };
		A0D1C04F1B2D28CD00BEB680 /* Images.xcassets in Resources */ = {isa = PBXBuildFile; fileRef = A0D1C04E1B2D28CD00BEB680 /* Images.xcassets */; };
		A0D1C0521B2D28CD00BEB680 /* LaunchScreen.xib in Resources */ = {isa = PBXBuildFile; fileRef = A0D1C0501B2D28CD00BEB680 /* LaunchScreen.xib */; };
		A0D1C05E1B2D28CD00BEB680 /* On_The_MapTests.swift in Sources */ = {isa = PBXBuildFile; fileRef = A0D1C05D1B2D28CD00BEB680 /* On_The_MapTests.swift */; };
/* End PBXBuildFile section */

/* Begin PBXContainerItemProxy section */
		A0D1C0581B2D28CD00BEB680 /* PBXContainerItemProxy */ = {
			isa = PBXContainerItemProxy;
			containerPortal = A0D1C03A1B2D28CD00BEB680 /* Project object */;
			proxyType = 1;
			remoteGlobalIDString = A0D1C0411B2D28CD00BEB680;
			remoteInfo = "On The Map";
		};
/* End PBXContainerItemProxy section */

/* Begin PBXFileReference section */
		A0D1C0421B2D28CD00BEB680 /* On The Map.app */ = {isa = PBXFileReference; explicitFileType = wrapper.application; includeInIndex = 0; path = "On The Map.app"; sourceTree = BUILT_PRODUCTS_DIR; };
		A0D1C0461B2D28CD00BEB680 /* Info.plist */ = {isa = PBXFileReference; lastKnownFileType = text.plist.xml; path = Info.plist; sourceTree = "<group>"; };
		A0D1C0471B2D28CD00BEB680 /* AppDelegate.swift */ = {isa = PBXFileReference; lastKnownFileType = sourcecode.swift; path = AppDelegate.swift; sourceTree = "<group>"; };
		A0D1C0491B2D28CD00BEB680 /* ViewController.swift */ = {isa = PBXFileReference; lastKnownFileType = sourcecode.swift; path = ViewController.swift; sourceTree = "<group>"; };
		A0D1C04C1B2D28CD00BEB680 /* Base */ = {isa = PBXFileReference; lastKnownFileType = file.storyboard; name = Base; path = Base.lproj/Main.storyboard; sourceTree = "<group>"; };
		A0D1C04E1B2D28CD00BEB680 /* Images.xcassets */ = {isa = PBXFileReference; lastKnownFileType = folder.assetcatalog; path = Images.xcassets; sourceTree = "<group>"; };
		A0D1C0511B2D28CD00BEB680 /* Base */ = {isa = PBXFileReference; lastKnownFileType = file.xib; name = Base; path = Base.lproj/LaunchScreen.xib; sourceTree = "<group>"; };
		A0D1C0571B2D28CD00BEB680 /* On The MapTests.xctest */ = {isa = PBXFileReference; explicitFileType = wrapper.cfbundle; includeInIndex = 0; path = "On The MapTests.xctest"; sourceTree = BUILT_PRODUCTS_DIR; };
		A0D1C05C1B2D28CD00BEB680 /* Info.plist */ = {isa = PBXFileReference; lastKnownFileType = text.plist.xml; path = Info.plist; sourceTree = "<group>"; };
		A0D1C05D1B2D28CD00BEB680 /* On_The_MapTests.swift */ = {isa = PBXFileReference; lastKnownFileType = sourcecode.swift; path = On_The_MapTests.swift; sourceTree = "<group>"; };
/* End PBXFileReference section */

/* Begin PBXFrameworksBuildPhase section */
		A0D1C03F1B2D28CD00BEB680 /* Frameworks */ = {
			isa = PBXFrameworksBuildPhase;
			buildActionMask = 2147483647;
			files = (
			);
			runOnlyForDeploymentPostprocessing = 0;
		};
		A0D1C0541B2D28CD00BEB680 /* Frameworks */ = {
			isa = PBXFrameworksBuildPhase;
			buildActionMask = 2147483647;
			files = (
			);
			runOnlyForDeploymentPostprocessing = 0;
		};
/* End PBXFrameworksBuildPhase section */

/* Begin PBXGroup section */
		A0D1C0391B2D28CD00BEB680 = {
			isa = PBXGroup;
			children = (
				A0D1C0441B2D28CD00BEB680 /* On The Map */,
				A0D1C05A1B2D28CD00BEB680 /* On The MapTests */,
				A0D1C0431B2D28CD00BEB680 /* Products */,
			);
			sourceTree = "<group>";
		};
		A0D1C0431B2D28CD00BEB680 /* Products */ = {
			isa = PBXGroup;
			children = (
				A0D1C0421B2D28CD00BEB680 /* On The Map.app */,
				A0D1C0571B2D28CD00BEB680 /* On The MapTests.xctest */,
			);
			name = Products;
			sourceTree = "<group>";
		};
		A0D1C0441B2D28CD00BEB680 /* On The Map */ = {
			isa = PBXGroup;
			children = (
				A0D1C0471B2D28CD00BEB680 /* AppDelegate.swift */,
				A0D1C0491B2D28CD00BEB680 /* ViewController.swift */,
				A0D1C04B1B2D28CD00BEB680 /* Main.storyboard */,
				A0D1C04E1B2D28CD00BEB680 /* Images.xcassets */,
				A0D1C0501B2D28CD00BEB680 /* LaunchScreen.xib */,
				A0D1C0451B2D28CD00BEB680 /* Supporting Files */,
			);
			path = "On The Map";
			sourceTree = "<group>";
		};
		A0D1C0451B2D28CD00BEB680 /* Supporting Files */ = {
			isa = PBXGroup;
			children = (
				A0D1C0461B2D28CD00BEB680 /* Info.plist */,
			);
			name = "Supporting Files";
			sourceTree = "<group>";
		};
		A0D1C05A1B2D28CD00BEB680 /* On The MapTests */ = {
			isa = PBXGroup;
			children = (
				A0D1C05D1B2D28CD00BEB680 /* On_The_MapTests.swift */,
				A0D1C05B1B2D28CD00BEB680 /* Supporting Files */,
			);
			path = "On The MapTests";
			sourceTree = "<group>";
		};
		A0D1C05B1B2D28CD00BEB680 /* Supporting Files */ = {
			isa = PBXGroup;
			children = (
				A0D1C05C1B2D28CD00BEB680 /* Info.plist */,
			);
			name = "Supporting Files";
			sourceTree = "<group>";
		};
/* End PBXGroup section */

/* Begin PBXNativeTarget section */
		A0D1C0411B2D28CD00BEB680 /* On The Map */ = {
			isa = PBXNativeTarget;
			buildConfigurationList = A0D1C0611B2D28CD00BEB680 /* Build configuration list for PBXNativeTarget "On The Map" */;
			buildPhases = (
				A0D1C03E1B2D28CD00BEB680 /* Sources */,
				A0D1C03F1B2D28CD00BEB680 /* Frameworks */,
				A0D1C0401B2D28CD00BEB680 /* Resources */,
			);
			buildRules = (
			);
			dependencies = (
			);
			name = "On The Map";
			productName = "On The Map";
			productReference = A0D1C0421B2D28CD00BEB680 /* On The Map.app */;
			productType = "com.apple.product-type.application";
		};
		A0D1C0561B2D28CD00BEB680 /* On The MapTests */ = {
			isa = PBXNativeTarget;
			buildConfigurationList = A0D1C0641B2D28CD00BEB680 /* Build configuration list for PBXNativeTarget "On The MapTests" */;
			buildPhases = (
				A0D1C0531B2D28CD00BEB680 /* Sources */,
				A0D1C0541B2D28CD00BEB680 /* Frameworks */,
				A0D1C0551B2D28CD00BEB680 /* Resources */,
			);
			buildRules = (
			);
			dependencies = (
				A0D1C0591B2D28CD00BEB680 /* PBXTargetDependency */,
			);
			name = "On The MapTests";
			productName = "On The MapTests";
			productReference = A0D1C0571B2D28CD00BEB680 /* On The MapTests.xctest */;
			productType = "com.apple.product-type.bundle.unit-test";
		};
/* End PBXNativeTarget section */

/* Begin PBXProject section */
		A0D1C03A1B2D28CD00BEB680 /* Project object */ = {
			isa = PBXProject;
			attributes = {
				LastUpgradeCheck = 0630;
				ORGANIZATIONNAME = "Blake Elshire";
				TargetAttributes = {
					A0D1C0411B2D28CD00BEB680 = {
						CreatedOnToolsVersion = 6.3.2;
					};
					A0D1C0561B2D28CD00BEB680 = {
						CreatedOnToolsVersion = 6.3.2;
						TestTargetID = A0D1C0411B2D28CD00BEB680;
					};
				};
			};
			buildConfigurationList = A0D1C03D1B2D28CD00BEB680 /* Build configuration list for PBXProject "On The Map" */;
			compatibilityVersion = "Xcode 3.2";
			developmentRegion = English;
			hasScannedForEncodings = 0;
			knownRegions = (
				en,
				Base,
			);
			mainGroup = A0D1C0391B2D28CD00BEB680;
			productRefGroup = A0D1C0431B2D28CD00BEB680 /* Products */;
			projectDirPath = "";
			projectRoot = "";
			targets = (
				A0D1C0411B2D28CD00BEB680 /* On The Map */,
				A0D1C0561B2D28CD00BEB680 /* On The MapTests */,
			);
		};
/* End PBXProject section */

/* Begin PBXResourcesBuildPhase section */
		A0D1C0401B2D28CD00BEB680 /* Resources */ = {
			isa = PBXResourcesBuildPhase;
			buildActionMask = 2147483647;
			files = (
				A0D1C04D1B2D28CD00BEB680 /* Main.storyboard in Resources */,
				A0D1C0521B2D28CD00BEB680 /* LaunchScreen.xib in Resources */,
				A0D1C04F1B2D28CD00BEB680 /* Images.xcassets in Resources */,
			);
			runOnlyForDeploymentPostprocessing = 0;
		};
		A0D1C0551B2D28CD00BEB680 /* Resources */ = {
			isa = PBXResourcesBuildPhase;
			buildActionMask = 2147483647;
			files = (
			);
			runOnlyForDeploymentPostprocessing = 0;
		};
/* End PBXResourcesBuildPhase section */

/* Begin PBXSourcesBuildPhase section */
		A0D1C03E1B2D28CD00BEB680 /* Sources */ = {
			isa = PBXSourcesBuildPhase;
			buildActionMask = 2147483647;
			files = (
				A0D1C04A1B2D28CD00BEB680 /* ViewController.swift in Sources */,
				A0D1C0481B2D28CD00BEB680 /* AppDelegate.swift in Sources */,
			);
			runOnlyForDeploymentPostprocessing = 0;
		};
		A0D1C0531B2D28CD00BEB680 /* Sources */ = {
			isa = PBXSourcesBuildPhase;
			buildActionMask = 2147483647;
			files = (
				A0D1C05E1B2D28CD00BEB680 /* On_The_MapTests.swift in Sources */,
			);
			runOnlyForDeploymentPostprocessing = 0;
		};
/* End PBXSourcesBuildPhase section */

/* Begin PBXTargetDependency section */
		A0D1C0591B2D28CD00BEB680 /* PBXTargetDependency */ = {
			isa = PBXTargetDependency;
			target = A0D1C0411B2D28CD00BEB680 /* On The Map */;
			targetProxy = A0D1C0581B2D28CD00BEB680 /* PBXContainerItemProxy */;
		};
/* End PBXTargetDependency section */

/* Begin PBXVariantGroup section */
		A0D1C04B1B2D28CD00BEB680 /* Main.storyboard */ = {
			isa = PBXVariantGroup;
			children = (
				A0D1C04C1B2D28CD00BEB680 /* Base */,
			);
			name = Main.storyboard;
			sourceTree = "<group>";
		};
		A0D1C0501B2D28CD00BEB680 /* LaunchScreen.xib */ = {
			isa = PBXVariantGroup;
			children = (
				A0D1C0511B2D28CD00BEB680 /* Base */,
			);
			name = LaunchScreen.xib;
			sourceTree = "<group>";
		};
/* End PBXVariantGroup section */

/* Begin XCBuildConfiguration section */
		A0D1C05F1B2D28CD00BEB680 /* Debug */ = {
			isa = XCBuildConfiguration;
			buildSettings = {
				ALWAYS_SEARCH_USER_PATHS = NO;
				CLANG_CXX_LANGUAGE_STANDARD = "gnu++0x";
				CLANG_CXX_LIBRARY = "libc++";
				CLANG_ENABLE_MODULES = YES;
				CLANG_ENABLE_OBJC_ARC = YES;
				CLANG_WARN_BOOL_CONVERSION = YES;
				CLANG_WARN_CONSTANT_CONVERSION = YES;
				CLANG_WARN_DIRECT_OBJC_ISA_USAGE = YES_ERROR;
				CLANG_WARN_EMPTY_BODY = YES;
				CLANG_WARN_ENUM_CONVERSION = YES;
				CLANG_WARN_INT_CONVERSION = YES;
				CLANG_WARN_OBJC_ROOT_CLASS = YES_ERROR;
				CLANG_WARN_UNREACHABLE_CODE = YES;
				CLANG_WARN__DUPLICATE_METHOD_MATCH = YES;
				"CODE_SIGN_IDENTITY[sdk=iphoneos*]" = "iPhone Developer";
				COPY_PHASE_STRIP = NO;
				DEBUG_INFORMATION_FORMAT = "dwarf-with-dsym";
				ENABLE_STRICT_OBJC_MSGSEND = YES;
				GCC_C_LANGUAGE_STANDARD = gnu99;
				GCC_DYNAMIC_NO_PIC = NO;
				GCC_NO_COMMON_BLOCKS = YES;
				GCC_OPTIMIZATION_LEVEL = 0;
				GCC_PREPROCESSOR_DEFINITIONS = (
					"DEBUG=1",
					"$(inherited)",
				);
				GCC_SYMBOLS_PRIVATE_EXTERN = NO;
				GCC_WARN_64_TO_32_BIT_CONVERSION = YES;
				GCC_WARN_ABOUT_RETURN_TYPE = YES_ERROR;
				GCC_WARN_UNDECLARED_SELECTOR = YES;
				GCC_WARN_UNINITIALIZED_AUTOS = YES_AGGRESSIVE;
				GCC_WARN_UNUSED_FUNCTION = YES;
				GCC_WARN_UNUSED_VARIABLE = YES;
				IPHONEOS_DEPLOYMENT_TARGET = 8.3;
				MTL_ENABLE_DEBUG_INFO = YES;
				ONLY_ACTIVE_ARCH = YES;
				SDKROOT = iphoneos;
				SWIFT_OPTIMIZATION_LEVEL = "-Onone";
				TARGETED_DEVICE_FAMILY = "1,2";
			};
			name = Debug;
		};
		A0D1C0601B2D28CD00BEB680 /* Release */ = {
			isa = XCBuildConfiguration;
			buildSettings = {
				ALWAYS_SEARCH_USER_PATHS = NO;
				CLANG_CXX_LANGUAGE_STANDARD = "gnu++0x";
				CLANG_CXX_LIBRARY = "libc++";
				CLANG_ENABLE_MODULES = YES;
				CLANG_ENABLE_OBJC_ARC = YES;
				CLANG_WARN_BOOL_CONVERSION = YES;
				CLANG_WARN_CONSTANT_CONVERSION = YES;
				CLANG_WARN_DIRECT_OBJC_ISA_USAGE = YES_ERROR;
				CLANG_WARN_EMPTY_BODY = YES;
				CLANG_WARN_ENUM_CONVERSION = YES;
				CLANG_WARN_INT_CONVERSION = YES;
				CLANG_WARN_OBJC_ROOT_CLASS = YES_ERROR;
				CLANG_WARN_UNREACHABLE_CODE = YES;
				CLANG_WARN__DUPLICATE_METHOD_MATCH = YES;
				"CODE_SIGN_IDENTITY[sdk=iphoneos*]" = "iPhone Developer";
				COPY_PHASE_STRIP = NO;
				DEBUG_INFORMATION_FORMAT = "dwarf-with-dsym";
				ENABLE_NS_ASSERTIONS = NO;
				ENABLE_STRICT_OBJC_MSGSEND = YES;
				GCC_C_LANGUAGE_STANDARD = gnu99;
				GCC_NO_COMMON_BLOCKS = YES;
				GCC_WARN_64_TO_32_BIT_CONVERSION = YES;
				GCC_WARN_ABOUT_RETURN_TYPE = YES_ERROR;
				GCC_WARN_UNDECLARED_SELECTOR = YES;
				GCC_WARN_UNINITIALIZED_AUTOS = YES_AGGRESSIVE;
				GCC_WARN_UNUSED_FUNCTION = YES;
				GCC_WARN_UNUSED_VARIABLE = YES;
				IPHONEOS_DEPLOYMENT_TARGET = 8.3;
				MTL_ENABLE_DEBUG_INFO = NO;
				SDKROOT = iphoneos;
				TARGETED_DEVICE_FAMILY = "1,2";
				VALIDATE_PRODUCT = YES;
			};
			name = Release;
		};
		A0D1C0621B2D28CD00BEB680 /* Debug */ = {
			isa = XCBuildConfiguration;
			buildSettings = {
				ASSETCATALOG_COMPILER_APPICON_NAME = AppIcon;
				INFOPLIST_FILE = "On The Map/Info.plist";
				LD_RUNPATH_SEARCH_PATHS = "$(inherited) @executable_path/Frameworks";
				PRODUCT_NAME = "$(TARGET_NAME)";
			};
			name = Debug;
		};
		A0D1C0631B2D28CD00BEB680 /* Release */ = {
			isa = XCBuildConfiguration;
			buildSettings = {
				ASSETCATALOG_COMPILER_APPICON_NAME = AppIcon;
				INFOPLIST_FILE = "On The Map/Info.plist";
				LD_RUNPATH_SEARCH_PATHS = "$(inherited) @executable_path/Frameworks";
				PRODUCT_NAME = "$(TARGET_NAME)";
			};
			name = Release;
		};
		A0D1C0651B2D28CD00BEB680 /* Debug */ = {
			isa = XCBuildConfiguration;
			buildSettings = {
				BUNDLE_LOADER = "$(TEST_HOST)";
				FRAMEWORK_SEARCH_PATHS = (
					"$(SDKROOT)/Developer/Library/Frameworks",
					"$(inherited)",
				);
				GCC_PREPROCESSOR_DEFINITIONS = (
					"DEBUG=1",
					"$(inherited)",
				);
				INFOPLIST_FILE = "On The MapTests/Info.plist";
				LD_RUNPATH_SEARCH_PATHS = "$(inherited) @executable_path/Frameworks @loader_path/Frameworks";
				PRODUCT_NAME = "$(TARGET_NAME)";
				TEST_HOST = "$(BUILT_PRODUCTS_DIR)/On The Map.app/On The Map";
			};
			name = Debug;
		};
		A0D1C0661B2D28CD00BEB680 /* Release */ = {
			isa = XCBuildConfiguration;
			buildSettings = {
				BUNDLE_LOADER = "$(TEST_HOST)";
				FRAMEWORK_SEARCH_PATHS = (
					"$(SDKROOT)/Developer/Library/Frameworks",
					"$(inherited)",
				);
				INFOPLIST_FILE = "On The MapTests/Info.plist";
				LD_RUNPATH_SEARCH_PATHS = "$(inherited) @executable_path/Frameworks @loader_path/Frameworks";
				PRODUCT_NAME = "$(TARGET_NAME)";
				TEST_HOST = "$(BUILT_PRODUCTS_DIR)/On The Map.app/On The Map";
			};
			name = Release;
		};
/* End XCBuildConfiguration section */

/* Begin XCConfigurationList section */
		A0D1C03D1B2D28CD00BEB680 /* Build configuration list for PBXProject "On The Map" */ = {
			isa = XCConfigurationList;
			buildConfigurations = (
				A0D1C05F1B2D28CD00BEB680 /* Debug */,
				A0D1C0601B2D28CD00BEB680 /* Release */,
			);
			defaultConfigurationIsVisible = 0;
			defaultConfigurationName = Release;
		};
		A0D1C0611B2D28CD00BEB680 /* Build configuration list for PBXNativeTarget "On The Map" */ = {
			isa = XCConfigurationList;
			buildConfigurations = (
				A0D1C0621B2D28CD00BEB680 /* Debug */,
				A0D1C0631B2D28CD00BEB680 /* Release */,
			);
			defaultConfigurationIsVisible = 0;
		};
		A0D1C0641B2D28CD00BEB680 /* Build configuration list for PBXNativeTarget "On The MapTests" */ = {
			isa = XCConfigurationList;
			buildConfigurations = (
				A0D1C0651B2D28CD00BEB680 /* Debug */,
				A0D1C0661B2D28CD00BEB680 /* Release */,
			);
			defaultConfigurationIsVisible = 0;
		};
/* End XCConfigurationList section */
	};
	rootObject = A0D1C03A1B2D28CD00BEB680 /* Project object */;
}
